
Microsoft Visual Studio Solution File, Format Version 12.00
# Visual Studio Version 17
VisualStudioVersion = 17.1.32328.378
MinimumVisualStudioVersion = 10.0.40219.1
Project("{FAE04EC0-301F-11D3-BF4B-00C04F79EFBC}") = "Andreeva_TZv2", "Andreeva_TZv2\Andreeva_TZv2.csproj", "{50F144F6-0764-4AE6-A4F2-82019034DA7A}"
EndProject
Global
	GlobalSection(SolutionConfigurationPlatforms) = preSolution
		Debug|Any CPU = Debug|Any CPU
		Release|Any CPU = Release|Any CPU
	EndGlobalSection
	GlobalSection(ProjectConfigurationPlatforms) = postSolution
		{50F144F6-0764-4AE6-A4F2-82019034DA7A}.Debug|Any CPU.ActiveCfg = Debug|Any CPU
		{50F144F6-0764-4AE6-A4F2-82019034DA7A}.Debug|Any CPU.Build.0 = Debug|Any CPU
		{50F144F6-0764-4AE6-A4F2-82019034DA7A}.Release|Any CPU.ActiveCfg = Release|Any CPU
		{50F144F6-0764-4AE6-A4F2-82019034DA7A}.Release|Any CPU.Build.0 = Release|Any CPU
	EndGlobalSection
	GlobalSection(SolutionProperties) = preSolution
		HideSolutionNode = FALSE
	EndGlobalSection
	GlobalSection(ExtensibilityGlobals) = postSolution
		SolutionGuid = {79F48BC4-109F-463A-8BD3-A97C48A2DA4F}
	EndGlobalSection
EndGlobal
